
Microsoft Visual Studio Solution File, Format Version 12.00
# Visual Studio Version 17
VisualStudioVersion = 17.0.31903.59
MinimumVisualStudioVersion = 10.0.40219.1
Project("{2150E333-8FDC-42A3-9474-1A3956D46DE8}") = "src", "src", "{827E0CD3-B72D-47B6-A68D-7590B98EB39B}"
EndProject
Project("{2150E333-8FDC-42A3-9474-1A3956D46DE8}") = "ProposalService", "ProposalService", "{65C5F658-0E6D-5D82-619A-85D9F4E3BEAF}"
EndProject

Project("{FAE04EC0-301F-11D3-BF4B-00C04F79EFBC}") = "ProposalService.API", "src\ProposalService\ProposalService.API\ProposalService.API.csproj", "{EAA3EADC-6D1D-4BDB-B822-03AD873C8E27}"
EndProject
Project("{2150E333-8FDC-42A3-9474-1A3956D46DE8}") = "ContractService", "ContractService", "{C89EAD8F-C039-2AEB-2335-AF55609E27CB}"
EndProject
Project("{FAE04EC0-301F-11D3-BF4B-00C04F79EFBC}") = "ContractService.API", "src\ContractService\ContractService.API\ContractService.API.csproj", "{3F318CF2-0C66-42CF-B99B-54CB6730C235}"
EndProject
Project("{2150E333-8FDC-42A3-9474-1A3956D46DE8}") = "Shared", "Shared", "{C8E42992-5E42-0C2B-DBFE-AA848D06431C}"
EndProject
Project("{FAE04EC0-301F-11D3-BF4B-00C04F79EFBC}") = "Shared", "src\Shared\Shared\Shared.csproj", "{5C213132-65F5-4FC8-9C55-BE01D743DE1F}"
EndProject
Project("{FAE04EC0-301F-11D3-BF4B-00C04F79EFBC}") = "ProposalService.Tests", "tests\ProposalService.Tests\ProposalService.Tests.csproj", "{B72E5160-4CA1-4029-B1BC-132E6D19C587}"
EndProject
Project("{FAE04EC0-301F-11D3-BF4B-00C04F79EFBC}") = "ContractService.Tests", "tests\ContractService.Tests\ContractService.Tests.csproj", "{4EABCD67-FA14-4126-8A07-2355426D799B}"
EndProject
Project("{FAE04EC0-301F-11D3-BF4B-00C04F79EFBC}") = "InsuranceSystem.Shared", "src\Shared\InsuranceSystem.Shared\InsuranceSystem.Shared.csproj", "{02EB5EB5-C03E-49F5-BE6C-C2426293B00F}"
EndProject
Project("{FAE04EC0-301F-11D3-BF4B-00C04F79EFBC}") = "ContractService.Ports", "src\ContractService\ContractService.Ports\ContractService.Ports.csproj", "{429CCFE0-EE3B-43DB-83A0-43B5CAE15A56}"
EndProject
Project("{FAE04EC0-301F-11D3-BF4B-00C04F79EFBC}") = "ContractService.Core", "src\ContractService\ContractService.Core\ContractService.Core.csproj", "{6D5F5C24-2DF1-4612-9E6B-55F9A9A93D8F}"
EndProject
Project("{FAE04EC0-301F-11D3-BF4B-00C04F79EFBC}") = "ContractService.Adapters", "src\ContractService\ContractService.Adapters\ContractService.Adapters.csproj", "{7D99B7C6-73F7-43CC-AAE1-27B77B29A129}"
EndProject
Project("{FAE04EC0-301F-11D3-BF4B-00C04F79EFBC}") = "ProposalService.Ports", "src\ProposalService\ProposalService.Ports\ProposalService.Ports.csproj", "{3EFEAE5C-1931-4E36-969B-03EDAAF5E25B}"
EndProject
Project("{FAE04EC0-301F-11D3-BF4B-00C04F79EFBC}") = "ProposalService.Core", "src\ProposalService\ProposalService.Core\ProposalService.Core.csproj", "{058073B0-22F2-4D1C-9A72-D9CD5681439B}"
EndProject
Project("{FAE04EC0-301F-11D3-BF4B-00C04F79EFBC}") = "ProposalService.Adapters", "src\ProposalService\ProposalService.Adapters\ProposalService.Adapters.csproj", "{97BFE485-19A4-448F-82AB-68150F99A348}"
EndProject
Global
	GlobalSection(SolutionConfigurationPlatforms) = preSolution
		Debug|Any CPU = Debug|Any CPU
		Debug|x64 = Debug|x64
		Debug|x86 = Debug|x86
		Release|Any CPU = Release|Any CPU
		Release|x64 = Release|x64
		Release|x86 = Release|x86
	EndGlobalSection
	GlobalSection(ProjectConfigurationPlatforms) = postSolution

		{EAA3EADC-6D1D-4BDB-B822-03AD873C8E27}.Debug|Any CPU.ActiveCfg = Debug|Any CPU
		{EAA3EADC-6D1D-4BDB-B822-03AD873C8E27}.Debug|Any CPU.Build.0 = Debug|Any CPU
		{EAA3EADC-6D1D-4BDB-B822-03AD873C8E27}.Debug|x64.ActiveCfg = Debug|Any CPU
		{EAA3EADC-6D1D-4BDB-B822-03AD873C8E27}.Debug|x64.Build.0 = Debug|Any CPU
		{EAA3EADC-6D1D-4BDB-B822-03AD873C8E27}.Debug|x86.ActiveCfg = Debug|Any CPU
		{EAA3EADC-6D1D-4BDB-B822-03AD873C8E27}.Debug|x86.Build.0 = Debug|Any CPU
		{EAA3EADC-6D1D-4BDB-B822-03AD873C8E27}.Release|Any CPU.ActiveCfg = Release|Any CPU
		{EAA3EADC-6D1D-4BDB-B822-03AD873C8E27}.Release|Any CPU.Build.0 = Release|Any CPU
		{EAA3EADC-6D1D-4BDB-B822-03AD873C8E27}.Release|x64.ActiveCfg = Release|Any CPU
		{EAA3EADC-6D1D-4BDB-B822-03AD873C8E27}.Release|x64.Build.0 = Release|Any CPU
		{EAA3EADC-6D1D-4BDB-B822-03AD873C8E27}.Release|x86.ActiveCfg = Release|Any CPU
		{EAA3EADC-6D1D-4BDB-B822-03AD873C8E27}.Release|x86.Build.0 = Release|Any CPU

		{3F318CF2-0C66-42CF-B99B-54CB6730C235}.Debug|Any CPU.ActiveCfg = Debug|Any CPU
		{3F318CF2-0C66-42CF-B99B-54CB6730C235}.Debug|Any CPU.Build.0 = Debug|Any CPU
		{3F318CF2-0C66-42CF-B99B-54CB6730C235}.Debug|x64.ActiveCfg = Debug|Any CPU
		{3F318CF2-0C66-42CF-B99B-54CB6730C235}.Debug|x64.Build.0 = Debug|Any CPU
		{3F318CF2-0C66-42CF-B99B-54CB6730C235}.Debug|x86.ActiveCfg = Debug|Any CPU
		{3F318CF2-0C66-42CF-B99B-54CB6730C235}.Debug|x86.Build.0 = Debug|Any CPU
		{3F318CF2-0C66-42CF-B99B-54CB6730C235}.Release|Any CPU.ActiveCfg = Release|Any CPU
		{3F318CF2-0C66-42CF-B99B-54CB6730C235}.Release|Any CPU.Build.0 = Release|Any CPU
		{3F318CF2-0C66-42CF-B99B-54CB6730C235}.Release|x64.ActiveCfg = Release|Any CPU
		{3F318CF2-0C66-42CF-B99B-54CB6730C235}.Release|x64.Build.0 = Release|Any CPU
		{3F318CF2-0C66-42CF-B99B-54CB6730C235}.Release|x86.ActiveCfg = Release|Any CPU
		{3F318CF2-0C66-42CF-B99B-54CB6730C235}.Release|x86.Build.0 = Release|Any CPU
		{5C213132-65F5-4FC8-9C55-BE01D743DE1F}.Debug|Any CPU.ActiveCfg = Debug|Any CPU
		{5C213132-65F5-4FC8-9C55-BE01D743DE1F}.Debug|Any CPU.Build.0 = Debug|Any CPU
		{5C213132-65F5-4FC8-9C55-BE01D743DE1F}.Debug|x64.ActiveCfg = Debug|Any CPU
		{5C213132-65F5-4FC8-9C55-BE01D743DE1F}.Debug|x64.Build.0 = Debug|Any CPU
		{5C213132-65F5-4FC8-9C55-BE01D743DE1F}.Debug|x86.ActiveCfg = Debug|Any CPU
		{5C213132-65F5-4FC8-9C55-BE01D743DE1F}.Debug|x86.Build.0 = Debug|Any CPU
		{5C213132-65F5-4FC8-9C55-BE01D743DE1F}.Release|Any CPU.ActiveCfg = Release|Any CPU
		{5C213132-65F5-4FC8-9C55-BE01D743DE1F}.Release|Any CPU.Build.0 = Release|Any CPU
		{5C213132-65F5-4FC8-9C55-BE01D743DE1F}.Release|x64.ActiveCfg = Release|Any CPU
		{5C213132-65F5-4FC8-9C55-BE01D743DE1F}.Release|x64.Build.0 = Release|Any CPU
		{5C213132-65F5-4FC8-9C55-BE01D743DE1F}.Release|x86.ActiveCfg = Release|Any CPU
		{5C213132-65F5-4FC8-9C55-BE01D743DE1F}.Release|x86.Build.0 = Release|Any CPU
		{B72E5160-4CA1-4029-B1BC-132E6D19C587}.Debug|Any CPU.ActiveCfg = Debug|Any CPU
		{B72E5160-4CA1-4029-B1BC-132E6D19C587}.Debug|Any CPU.Build.0 = Debug|Any CPU
		{B72E5160-4CA1-4029-B1BC-132E6D19C587}.Debug|x64.ActiveCfg = Debug|Any CPU
		{B72E5160-4CA1-4029-B1BC-132E6D19C587}.Debug|x64.Build.0 = Debug|Any CPU
		{B72E5160-4CA1-4029-B1BC-132E6D19C587}.Debug|x86.ActiveCfg = Debug|Any CPU
		{B72E5160-4CA1-4029-B1BC-132E6D19C587}.Debug|x86.Build.0 = Debug|Any CPU
		{B72E5160-4CA1-4029-B1BC-132E6D19C587}.Release|Any CPU.ActiveCfg = Release|Any CPU
		{B72E5160-4CA1-4029-B1BC-132E6D19C587}.Release|Any CPU.Build.0 = Release|Any CPU
		{B72E5160-4CA1-4029-B1BC-132E6D19C587}.Release|x64.ActiveCfg = Release|Any CPU
		{B72E5160-4CA1-4029-B1BC-132E6D19C587}.Release|x64.Build.0 = Release|Any CPU
		{B72E5160-4CA1-4029-B1BC-132E6D19C587}.Release|x86.ActiveCfg = Release|Any CPU
		{B72E5160-4CA1-4029-B1BC-132E6D19C587}.Release|x86.Build.0 = Release|Any CPU
		{4EABCD67-FA14-4126-8A07-2355426D799B}.Debug|Any CPU.ActiveCfg = Debug|Any CPU
		{4EABCD67-FA14-4126-8A07-2355426D799B}.Debug|Any CPU.Build.0 = Debug|Any CPU
		{4EABCD67-FA14-4126-8A07-2355426D799B}.Debug|x64.ActiveCfg = Debug|Any CPU
		{4EABCD67-FA14-4126-8A07-2355426D799B}.Debug|x64.Build.0 = Debug|Any CPU
		{4EABCD67-FA14-4126-8A07-2355426D799B}.Debug|x86.ActiveCfg = Debug|Any CPU
		{4EABCD67-FA14-4126-8A07-2355426D799B}.Debug|x86.Build.0 = Debug|Any CPU
		{4EABCD67-FA14-4126-8A07-2355426D799B}.Release|Any CPU.ActiveCfg = Release|Any CPU
		{4EABCD67-FA14-4126-8A07-2355426D799B}.Release|Any CPU.Build.0 = Release|Any CPU
		{4EABCD67-FA14-4126-8A07-2355426D799B}.Release|x64.ActiveCfg = Release|Any CPU
		{4EABCD67-FA14-4126-8A07-2355426D799B}.Release|x64.Build.0 = Release|Any CPU
		{4EABCD67-FA14-4126-8A07-2355426D799B}.Release|x86.ActiveCfg = Release|Any CPU
		{4EABCD67-FA14-4126-8A07-2355426D799B}.Release|x86.Build.0 = Release|Any CPU
		{02EB5EB5-C03E-49F5-BE6C-C2426293B00F}.Debug|Any CPU.ActiveCfg = Debug|Any CPU
		{02EB5EB5-C03E-49F5-BE6C-C2426293B00F}.Debug|Any CPU.Build.0 = Debug|Any CPU
		{02EB5EB5-C03E-49F5-BE6C-C2426293B00F}.Debug|x64.ActiveCfg = Debug|Any CPU
		{02EB5EB5-C03E-49F5-BE6C-C2426293B00F}.Debug|x64.Build.0 = Debug|Any CPU
		{02EB5EB5-C03E-49F5-BE6C-C2426293B00F}.Debug|x86.ActiveCfg = Debug|Any CPU
		{02EB5EB5-C03E-49F5-BE6C-C2426293B00F}.Debug|x86.Build.0 = Debug|Any CPU
		{02EB5EB5-C03E-49F5-BE6C-C2426293B00F}.Release|Any CPU.ActiveCfg = Release|Any CPU
		{02EB5EB5-C03E-49F5-BE6C-C2426293B00F}.Release|Any CPU.Build.0 = Release|Any CPU
		{02EB5EB5-C03E-49F5-BE6C-C2426293B00F}.Release|x64.ActiveCfg = Release|Any CPU
		{02EB5EB5-C03E-49F5-BE6C-C2426293B00F}.Release|x64.Build.0 = Release|Any CPU
		{02EB5EB5-C03E-49F5-BE6C-C2426293B00F}.Release|x86.ActiveCfg = Release|Any CPU
		{02EB5EB5-C03E-49F5-BE6C-C2426293B00F}.Release|x86.Build.0 = Release|Any CPU
		{429CCFE0-EE3B-43DB-83A0-43B5CAE15A56}.Debug|Any CPU.ActiveCfg = Debug|Any CPU
		{429CCFE0-EE3B-43DB-83A0-43B5CAE15A56}.Debug|Any CPU.Build.0 = Debug|Any CPU
		{429CCFE0-EE3B-43DB-83A0-43B5CAE15A56}.Debug|x64.ActiveCfg = Debug|Any CPU
		{429CCFE0-EE3B-43DB-83A0-43B5CAE15A56}.Debug|x64.Build.0 = Debug|Any CPU
		{429CCFE0-EE3B-43DB-83A0-43B5CAE15A56}.Debug|x86.ActiveCfg = Debug|Any CPU
		{429CCFE0-EE3B-43DB-83A0-43B5CAE15A56}.Debug|x86.Build.0 = Debug|Any CPU
		{429CCFE0-EE3B-43DB-83A0-43B5CAE15A56}.Release|Any CPU.ActiveCfg = Release|Any CPU
		{429CCFE0-EE3B-43DB-83A0-43B5CAE15A56}.Release|Any CPU.Build.0 = Release|Any CPU
		{429CCFE0-EE3B-43DB-83A0-43B5CAE15A56}.Release|x64.ActiveCfg = Release|Any CPU
		{429CCFE0-EE3B-43DB-83A0-43B5CAE15A56}.Release|x64.Build.0 = Release|Any CPU
		{429CCFE0-EE3B-43DB-83A0-43B5CAE15A56}.Release|x86.ActiveCfg = Release|Any CPU
		{429CCFE0-EE3B-43DB-83A0-43B5CAE15A56}.Release|x86.Build.0 = Release|Any CPU
		{6D5F5C24-2DF1-4612-9E6B-55F9A9A93D8F}.Debug|Any CPU.ActiveCfg = Debug|Any CPU
		{6D5F5C24-2DF1-4612-9E6B-55F9A9A93D8F}.Debug|Any CPU.Build.0 = Debug|Any CPU
		{6D5F5C24-2DF1-4612-9E6B-55F9A9A93D8F}.Debug|x64.ActiveCfg = Debug|Any CPU
		{6D5F5C24-2DF1-4612-9E6B-55F9A9A93D8F}.Debug|x64.Build.0 = Debug|Any CPU
		{6D5F5C24-2DF1-4612-9E6B-55F9A9A93D8F}.Debug|x86.ActiveCfg = Debug|Any CPU
		{6D5F5C24-2DF1-4612-9E6B-55F9A9A93D8F}.Debug|x86.Build.0 = Debug|Any CPU
		{6D5F5C24-2DF1-4612-9E6B-55F9A9A93D8F}.Release|Any CPU.ActiveCfg = Release|Any CPU
		{6D5F5C24-2DF1-4612-9E6B-55F9A9A93D8F}.Release|Any CPU.Build.0 = Release|Any CPU
		{6D5F5C24-2DF1-4612-9E6B-55F9A9A93D8F}.Release|x64.ActiveCfg = Release|Any CPU
		{6D5F5C24-2DF1-4612-9E6B-55F9A9A93D8F}.Release|x64.Build.0 = Release|Any CPU
		{6D5F5C24-2DF1-4612-9E6B-55F9A9A93D8F}.Release|x86.ActiveCfg = Release|Any CPU
		{6D5F5C24-2DF1-4612-9E6B-55F9A9A93D8F}.Release|x86.Build.0 = Release|Any CPU
		{7D99B7C6-73F7-43CC-AAE1-27B77B29A129}.Debug|Any CPU.ActiveCfg = Debug|Any CPU
		{7D99B7C6-73F7-43CC-AAE1-27B77B29A129}.Debug|Any CPU.Build.0 = Debug|Any CPU
		{7D99B7C6-73F7-43CC-AAE1-27B77B29A129}.Debug|x64.ActiveCfg = Debug|Any CPU
		{7D99B7C6-73F7-43CC-AAE1-27B77B29A129}.Debug|x64.Build.0 = Debug|Any CPU
		{7D99B7C6-73F7-43CC-AAE1-27B77B29A129}.Debug|x86.ActiveCfg = Debug|Any CPU
		{7D99B7C6-73F7-43CC-AAE1-27B77B29A129}.Debug|x86.Build.0 = Debug|Any CPU
		{7D99B7C6-73F7-43CC-AAE1-27B77B29A129}.Release|Any CPU.ActiveCfg = Release|Any CPU
		{7D99B7C6-73F7-43CC-AAE1-27B77B29A129}.Release|Any CPU.Build.0 = Release|Any CPU
		{7D99B7C6-73F7-43CC-AAE1-27B77B29A129}.Release|x64.ActiveCfg = Release|Any CPU
		{7D99B7C6-73F7-43CC-AAE1-27B77B29A129}.Release|x64.Build.0 = Release|Any CPU
		{7D99B7C6-73F7-43CC-AAE1-27B77B29A129}.Release|x86.ActiveCfg = Release|Any CPU
		{7D99B7C6-73F7-43CC-AAE1-27B77B29A129}.Release|x86.Build.0 = Release|Any CPU
		{3EFEAE5C-1931-4E36-969B-03EDAAF5E25B}.Debug|Any CPU.ActiveCfg = Debug|Any CPU
		{3EFEAE5C-1931-4E36-969B-03EDAAF5E25B}.Debug|Any CPU.Build.0 = Debug|Any CPU
		{3EFEAE5C-1931-4E36-969B-03EDAAF5E25B}.Debug|x64.ActiveCfg = Debug|Any CPU
		{3EFEAE5C-1931-4E36-969B-03EDAAF5E25B}.Debug|x64.Build.0 = Debug|Any CPU
		{3EFEAE5C-1931-4E36-969B-03EDAAF5E25B}.Debug|x86.ActiveCfg = Debug|Any CPU
		{3EFEAE5C-1931-4E36-969B-03EDAAF5E25B}.Debug|x86.Build.0 = Debug|Any CPU
		{3EFEAE5C-1931-4E36-969B-03EDAAF5E25B}.Release|Any CPU.ActiveCfg = Release|Any CPU
		{3EFEAE5C-1931-4E36-969B-03EDAAF5E25B}.Release|Any CPU.Build.0 = Release|Any CPU
		{3EFEAE5C-1931-4E36-969B-03EDAAF5E25B}.Release|x64.ActiveCfg = Release|Any CPU
		{3EFEAE5C-1931-4E36-969B-03EDAAF5E25B}.Release|x64.Build.0 = Release|Any CPU
		{3EFEAE5C-1931-4E36-969B-03EDAAF5E25B}.Release|x86.ActiveCfg = Release|Any CPU
		{3EFEAE5C-1931-4E36-969B-03EDAAF5E25B}.Release|x86.Build.0 = Release|Any CPU
		{058073B0-22F2-4D1C-9A72-D9CD5681439B}.Debug|Any CPU.ActiveCfg = Debug|Any CPU
		{058073B0-22F2-4D1C-9A72-D9CD5681439B}.Debug|Any CPU.Build.0 = Debug|Any CPU
		{058073B0-22F2-4D1C-9A72-D9CD5681439B}.Debug|x64.ActiveCfg = Debug|Any CPU
		{058073B0-22F2-4D1C-9A72-D9CD5681439B}.Debug|x64.Build.0 = Debug|Any CPU
		{058073B0-22F2-4D1C-9A72-D9CD5681439B}.Debug|x86.ActiveCfg = Debug|Any CPU
		{058073B0-22F2-4D1C-9A72-D9CD5681439B}.Debug|x86.Build.0 = Debug|Any CPU
		{058073B0-22F2-4D1C-9A72-D9CD5681439B}.Release|Any CPU.ActiveCfg = Release|Any CPU
		{058073B0-22F2-4D1C-9A72-D9CD5681439B}.Release|Any CPU.Build.0 = Release|Any CPU
		{058073B0-22F2-4D1C-9A72-D9CD5681439B}.Release|x64.ActiveCfg = Release|Any CPU
		{058073B0-22F2-4D1C-9A72-D9CD5681439B}.Release|x64.Build.0 = Release|Any CPU
		{058073B0-22F2-4D1C-9A72-D9CD5681439B}.Release|x86.ActiveCfg = Release|Any CPU
		{058073B0-22F2-4D1C-9A72-D9CD5681439B}.Release|x86.Build.0 = Release|Any CPU
		{97BFE485-19A4-448F-82AB-68150F99A348}.Debug|Any CPU.ActiveCfg = Debug|Any CPU
		{97BFE485-19A4-448F-82AB-68150F99A348}.Debug|Any CPU.Build.0 = Debug|Any CPU
		{97BFE485-19A4-448F-82AB-68150F99A348}.Debug|x64.ActiveCfg = Debug|Any CPU
		{97BFE485-19A4-448F-82AB-68150F99A348}.Debug|x64.Build.0 = Debug|Any CPU
		{97BFE485-19A4-448F-82AB-68150F99A348}.Debug|x86.ActiveCfg = Debug|Any CPU
		{97BFE485-19A4-448F-82AB-68150F99A348}.Debug|x86.Build.0 = Debug|Any CPU
		{97BFE485-19A4-448F-82AB-68150F99A348}.Release|Any CPU.ActiveCfg = Release|Any CPU
		{97BFE485-19A4-448F-82AB-68150F99A348}.Release|Any CPU.Build.0 = Release|Any CPU
		{97BFE485-19A4-448F-82AB-68150F99A348}.Release|x64.ActiveCfg = Release|Any CPU
		{97BFE485-19A4-448F-82AB-68150F99A348}.Release|x64.Build.0 = Release|Any CPU
		{97BFE485-19A4-448F-82AB-68150F99A348}.Release|x86.ActiveCfg = Release|Any CPU
		{97BFE485-19A4-448F-82AB-68150F99A348}.Release|x86.Build.0 = Release|Any CPU
	EndGlobalSection
	GlobalSection(SolutionProperties) = preSolution
		HideSolutionNode = FALSE
	EndGlobalSection
	GlobalSection(NestedProjects) = preSolution
		{65C5F658-0E6D-5D82-619A-85D9F4E3BEAF} = {827E0CD3-B72D-47B6-A68D-7590B98EB39B}

		{EAA3EADC-6D1D-4BDB-B822-03AD873C8E27} = {65C5F658-0E6D-5D82-619A-85D9F4E3BEAF}
		{C89EAD8F-C039-2AEB-2335-AF55609E27CB} = {827E0CD3-B72D-47B6-A68D-7590B98EB39B}

		{3F318CF2-0C66-42CF-B99B-54CB6730C235} = {C89EAD8F-C039-2AEB-2335-AF55609E27CB}
		{C8E42992-5E42-0C2B-DBFE-AA848D06431C} = {827E0CD3-B72D-47B6-A68D-7590B98EB39B}
		{5C213132-65F5-4FC8-9C55-BE01D743DE1F} = {C8E42992-5E42-0C2B-DBFE-AA848D06431C}
		{B72E5160-4CA1-4029-B1BC-132E6D19C587} = {C8E42992-5E42-0C2B-DBFE-AA848D06431C}
		{4EABCD67-FA14-4126-8A07-2355426D799B} = {C8E42992-5E42-0C2B-DBFE-AA848D06431C}
		{02EB5EB5-C03E-49F5-BE6C-C2426293B00F} = {C8E42992-5E42-0C2B-DBFE-AA848D06431C}
		{429CCFE0-EE3B-43DB-83A0-43B5CAE15A56} = {C89EAD8F-C039-2AEB-2335-AF55609E27CB}
		{6D5F5C24-2DF1-4612-9E6B-55F9A9A93D8F} = {C89EAD8F-C039-2AEB-2335-AF55609E27CB}
		{7D99B7C6-73F7-43CC-AAE1-27B77B29A129} = {C89EAD8F-C039-2AEB-2335-AF55609E27CB}
		{3EFEAE5C-1931-4E36-969B-03EDAAF5E25B} = {65C5F658-0E6D-5D82-619A-85D9F4E3BEAF}
		{058073B0-22F2-4D1C-9A72-D9CD5681439B} = {65C5F658-0E6D-5D82-619A-85D9F4E3BEAF}
		{97BFE485-19A4-448F-82AB-68150F99A348} = {65C5F658-0E6D-5D82-619A-85D9F4E3BEAF}
	EndGlobalSection
EndGlobal
